// !$*UTF8*$!
{
	archiveVersion = 1;
	classes = {
	};
	objectVersion = 46;
	objects = {

/* Begin PBXBuildFile section */
		F231387F1D8DD8B0006C4AE7 /* AppDelegate.swift in Sources */ = {isa = PBXBuildFile; fileRef = F231387E1D8DD8B0006C4AE7 /* AppDelegate.swift */; };
		F23138811D8DD8B0006C4AE7 /* ViewController.swift in Sources */ = {isa = PBXBuildFile; fileRef = F23138801D8DD8B0006C4AE7 /* ViewController.swift */; };
		F23138841D8DD8B0006C4AE7 /* Main.storyboard in Resources */ = {isa = PBXBuildFile; fileRef = F23138821D8DD8B0006C4AE7 /* Main.storyboard */; };
		F23138861D8DD8B0006C4AE7 /* Assets.xcassets in Resources */ = {isa = PBXBuildFile; fileRef = F23138851D8DD8B0006C4AE7 /* Assets.xcassets */; };
		F23138891D8DD8B0006C4AE7 /* LaunchScreen.storyboard in Resources */ = {isa = PBXBuildFile; fileRef = F23138871D8DD8B0006C4AE7 /* LaunchScreen.storyboard */; };
/* End PBXBuildFile section */

/* Begin PBXFileReference section */
		F231387B1D8DD8B0006C4AE7 /* red_blue_car.app */ = {isa = PBXFileReference; explicitFileType = wrapper.application; includeInIndex = 0; path = red_blue_car.app; sourceTree = BUILT_PRODUCTS_DIR; };
		F231387E1D8DD8B0006C4AE7 /* AppDelegate.swift */ = {isa = PBXFileReference; lastKnownFileType = sourcecode.swift; path = AppDelegate.swift; sourceTree = "<group>"; };
		F23138801D8DD8B0006C4AE7 /* ViewController.swift */ = {isa = PBXFileReference; lastKnownFileType = sourcecode.swift; path = ViewController.swift; sourceTree = "<group>"; };
		F23138831D8DD8B0006C4AE7 /* Base */ = {isa = PBXFileReference; lastKnownFileType = file.storyboard; name = Base; path = Base.lproj/Main.storyboard; sourceTree = "<group>"; };
		F23138851D8DD8B0006C4AE7 /* Assets.xcassets */ = {isa = PBXFileReference; lastKnownFileType = folder.assetcatalog; path = Assets.xcassets; sourceTree = "<group>"; };
		F23138881D8DD8B0006C4AE7 /* Base */ = {isa = PBXFileReference; lastKnownFileType = file.storyboard; name = Base; path = Base.lproj/LaunchScreen.storyboard; sourceTree = "<group>"; };
		F231388A1D8DD8B0006C4AE7 /* Info.plist */ = {isa = PBXFileReference; lastKnownFileType = text.plist.xml; path = Info.plist; sourceTree = "<group>"; };
/* End PBXFileReference section */

/* Begin PBXFrameworksBuildPhase section */
		F23138781D8DD8B0006C4AE7 /* Frameworks */ = {
			isa = PBXFrameworksBuildPhase;
			buildActionMask = 2147483647;
			files = (
			);
			runOnlyForDeploymentPostprocessing = 0;
		};
/* End PBXFrameworksBuildPhase section */

/* Begin PBXGroup section */
		F23138721D8DD8B0006C4AE7 = {
			isa = PBXGroup;
			children = (
				F231387D1D8DD8B0006C4AE7 /* red_blue_car */,
				F231387C1D8DD8B0006C4AE7 /* Products */,
			);
			sourceTree = "<group>";
		};
		F231387C1D8DD8B0006C4AE7 /* Products */ = {
			isa = PBXGroup;
			children = (
				F231387B1D8DD8B0006C4AE7 /* red_blue_car.app */,
			);
			name = Products;
			sourceTree = "<group>";
		};
		F231387D1D8DD8B0006C4AE7 /* red_blue_car */ = {
			isa = PBXGroup;
			children = (
				F231387E1D8DD8B0006C4AE7 /* AppDelegate.swift */,
				F23138801D8DD8B0006C4AE7 /* ViewController.swift */,
				F23138821D8DD8B0006C4AE7 /* Main.storyboard */,
				F23138851D8DD8B0006C4AE7 /* Assets.xcassets */,
				F23138871D8DD8B0006C4AE7 /* LaunchScreen.storyboard */,
				F231388A1D8DD8B0006C4AE7 /* Info.plist */,
			);
			path = red_blue_car;
			sourceTree = "<group>";
		};
/* End PBXGroup section */

/* Begin PBXNativeTarget section */
		F231387A1D8DD8B0006C4AE7 /* red_blue_car */ = {
			isa = PBXNativeTarget;
			buildConfigurationList = F231388D1D8DD8B0006C4AE7 /* Build configuration list for PBXNativeTarget "red_blue_car" */;
			buildPhases = (
				F23138771D8DD8B0006C4AE7 /* Sources */,
				F23138781D8DD8B0006C4AE7 /* Frameworks */,
				F23138791D8DD8B0006C4AE7 /* Resources */,
			);
			buildRules = (
			);
			dependencies = (
			);
			name = red_blue_car;
			productName = red_blue_car;
			productReference = F231387B1D8DD8B0006C4AE7 /* red_blue_car.app */;
			productType = "com.apple.product-type.application";
		};
/* End PBXNativeTarget section */

/* Begin PBXProject section */
		F23138731D8DD8B0006C4AE7 /* Project object */ = {
			isa = PBXProject;
			attributes = {
				LastSwiftUpdateCheck = 0800;
				LastUpgradeCheck = 0800;
				ORGANIZATIONNAME = com.proobject.red_blue_car;
				TargetAttributes = {
					F231387A1D8DD8B0006C4AE7 = {
						CreatedOnToolsVersion = 8.0;
						ProvisioningStyle = Automatic;
					};
				};
			};
			buildConfigurationList = F23138761D8DD8B0006C4AE7 /* Build configuration list for PBXProject "red_blue_car" */;
			compatibilityVersion = "Xcode 3.2";
			developmentRegion = English;
			hasScannedForEncodings = 0;
			knownRegions = (
				en,
				Base,
			);
			mainGroup = F23138721D8DD8B0006C4AE7;
			productRefGroup = F231387C1D8DD8B0006C4AE7 /* Products */;
			projectDirPath = "";
			projectRoot = "";
			targets = (
				F231387A1D8DD8B0006C4AE7 /* red_blue_car */,
			);
		};
/* End PBXProject section */

/* Begin PBXResourcesBuildPhase section */
		F23138791D8DD8B0006C4AE7 /* Resources */ = {
			isa = PBXResourcesBuildPhase;
			buildActionMask = 2147483647;
			files = (
				F23138891D8DD8B0006C4AE7 /* LaunchScreen.storyboard in Resources */,
				F23138861D8DD8B0006C4AE7 /* Assets.xcassets in Resources */,
				F23138841D8DD8B0006C4AE7 /* Main.storyboard in Resources */,
			);
			runOnlyForDeploymentPostprocessing = 0;
		};
/* End PBXResourcesBuildPhase section */

/* Begin PBXSourcesBuildPhase section */
		F23138771D8DD8B0006C4AE7 /* Sources */ = {
			isa = PBXSourcesBuildPhase;
			buildActionMask = 2147483647;
			files = (
				F23138811D8DD8B0006C4AE7 /* ViewController.swift in Sources */,
				F231387F1D8DD8B0006C4AE7 /* AppDelegate.swift in Sources */,
			);
			runOnlyForDeploymentPostprocessing = 0;
		};
/* End PBXSourcesBuildPhase section */

/* Begin PBXVariantGroup section */
		F23138821D8DD8B0006C4AE7 /* Main.storyboard */ = {
			isa = PBXVariantGroup;
			children = (
				F23138831D8DD8B0006C4AE7 /* Base */,
			);
			name = Main.storyboard;
			sourceTree = "<group>";
		};
		F23138871D8DD8B0006C4AE7 /* LaunchScreen.storyboard */ = {
			isa = PBXVariantGroup;
			children = (
				F23138881D8DD8B0006C4AE7 /* Base */,
			);
			name = LaunchScreen.storyboard;
			sourceTree = "<group>";
		};
/* End PBXVariantGroup section */

/* Begin XCBuildConfiguration section */
		F231388B1D8DD8B0006C4AE7 /* Debug */ = {
			isa = XCBuildConfiguration;
			buildSettings = {
				ALWAYS_SEARCH_USER_PATHS = NO;
				CLANG_ANALYZER_NONNULL = YES;
				CLANG_CXX_LANGUAGE_STANDARD = "gnu++0x";
				CLANG_CXX_LIBRARY = "libc++";
				CLANG_ENABLE_MODULES = YES;
				CLANG_ENABLE_OBJC_ARC = YES;
				CLANG_WARN_BOOL_CONVERSION = YES;
				CLANG_WARN_CONSTANT_CONVERSION = YES;
				CLANG_WARN_DIRECT_OBJC_ISA_USAGE = YES_ERROR;
				CLANG_WARN_DOCUMENTATION_COMMENTS = YES;
				CLANG_WARN_EMPTY_BODY = YES;
				CLANG_WARN_ENUM_CONVERSION = YES;
				CLANG_WARN_INFINITE_RECURSION = YES;
				CLANG_WARN_INT_CONVERSION = YES;
				CLANG_WARN_OBJC_ROOT_CLASS = YES_ERROR;
				CLANG_WARN_SUSPICIOUS_MOVES = YES;
				CLANG_WARN_UNREACHABLE_CODE = YES;
				CLANG_WARN__DUPLICATE_METHOD_MATCH = YES;
				"CODE_SIGN_IDENTITY[sdk=iphoneos*]" = "iPhone Developer";
				COPY_PHASE_STRIP = NO;
				DEBUG_INFORMATION_FORMAT = dwarf;
				ENABLE_STRICT_OBJC_MSGSEND = YES;
				ENABLE_TESTABILITY = YES;
				GCC_C_LANGUAGE_STANDARD = gnu99;
				GCC_DYNAMIC_NO_PIC = NO;
				GCC_NO_COMMON_BLOCKS = YES;
				GCC_OPTIMIZATION_LEVEL = 0;
				GCC_PREPROCESSOR_DEFINITIONS = (
					"DEBUG=1",
					"$(inherited)",
				);
				GCC_WARN_64_TO_32_BIT_CONVERSION = YES;
				GCC_WARN_ABOUT_RETURN_TYPE = YES_ERROR;
				GCC_WARN_UNDECLARED_SELECTOR = YES;
				GCC_WARN_UNINITIALIZED_AUTOS = YES_AGGRESSIVE;
				GCC_WARN_UNUSED_FUNCTION = YES;
				GCC_WARN_UNUSED_VARIABLE = YES;
				IPHONEOS_DEPLOYMENT_TARGET = 10.0;
				MTL_ENABLE_DEBUG_INFO = YES;
				ONLY_ACTIVE_ARCH = YES;
				SDKROOT = iphoneos;
				SWIFT_ACTIVE_COMPILATION_CONDITIONS = DEBUG;
				SWIFT_OPTIMIZATION_LEVEL = "-Onone";
			};
			name = Debug;
		};
		F231388C1D8DD8B0006C4AE7 /* Release */ = {
			isa = XCBuildConfiguration;
			buildSettings = {
				ALWAYS_SEARCH_USER_PATHS = NO;
				CLANG_ANALYZER_NONNULL = YES;
				CLANG_CXX_LANGUAGE_STANDARD = "gnu++0x";
				CLANG_CXX_LIBRARY = "libc++";
				CLANG_ENABLE_MODULES = YES;
				CLANG_ENABLE_OBJC_ARC = YES;
				CLANG_WARN_BOOL_CONVERSION = YES;
				CLANG_WARN_CONSTANT_CONVERSION = YES;
				CLANG_WARN_DIRECT_OBJC_ISA_USAGE = YES_ERROR;
				CLANG_WARN_DOCUMENTATION_COMMENTS = YES;
				CLANG_WARN_EMPTY_BODY = YES;
				CLANG_WARN_ENUM_CONVERSION = YES;
				CLANG_WARN_INFINITE_RECURSION = YES;
				CLANG_WARN_INT_CONVERSION = YES;
				CLANG_WARN_OBJC_ROOT_CLASS = YES_ERROR;
				CLANG_WARN_SUSPICIOUS_MOVES = YES;
				CLANG_WARN_UNREACHABLE_CODE = YES;
				CLANG_WARN__DUPLICATE_METHOD_MATCH = YES;
				"CODE_SIGN_IDENTITY[sdk=iphoneos*]" = "iPhone Developer";
				COPY_PHASE_STRIP = NO;
				DEBUG_INFORMATION_FORMAT = "dwarf-with-dsym";
				ENABLE_NS_ASSERTIONS = NO;
				ENABLE_STRICT_OBJC_MSGSEND = YES;
				GCC_C_LANGUAGE_STANDARD = gnu99;
				GCC_NO_COMMON_BLOCKS = YES;
				GCC_WARN_64_TO_32_BIT_CONVERSION = YES;
				GCC_WARN_ABOUT_RETURN_TYPE = YES_ERROR;
				GCC_WARN_UNDECLARED_SELECTOR = YES;
				GCC_WARN_UNINITIALIZED_AUTOS = YES_AGGRESSIVE;
				GCC_WARN_UNUSED_FUNCTION = YES;
				GCC_WARN_UNUSED_VARIABLE = YES;
				IPHONEOS_DEPLOYMENT_TARGET = 10.0;
				MTL_ENABLE_DEBUG_INFO = NO;
				SDKROOT = iphoneos;
				SWIFT_OPTIMIZATION_LEVEL = "-Owholemodule";
				VALIDATE_PRODUCT = YES;
			};
			name = Release;
		};
		F231388E1D8DD8B0006C4AE7 /* Debug */ = {
			isa = XCBuildConfiguration;
			buildSettings = {
				ASSETCATALOG_COMPILER_APPICON_NAME = AppIcon;
				INFOPLIST_FILE = red_blue_car/Info.plist;
				LD_RUNPATH_SEARCH_PATHS = "$(inherited) @executable_path/Frameworks";
				PRODUCT_BUNDLE_IDENTIFIER = "proobject.com.red-blue-car";
				PRODUCT_NAME = "$(TARGET_NAME)";
				SWIFT_VERSION = 3.0;
			};
			name = Debug;
		};
		F231388F1D8DD8B0006C4AE7 /* Release */ = {
			isa = XCBuildConfiguration;
			buildSettings = {
				ASSETCATALOG_COMPILER_APPICON_NAME = AppIcon;
				INFOPLIST_FILE = red_blue_car/Info.plist;
				LD_RUNPATH_SEARCH_PATHS = "$(inherited) @executable_path/Frameworks";
				PRODUCT_BUNDLE_IDENTIFIER = "proobject.com.red-blue-car";
				PRODUCT_NAME = "$(TARGET_NAME)";
				SWIFT_VERSION = 3.0;
			};
			name = Release;
		};
/* End XCBuildConfiguration section */

/* Begin XCConfigurationList section */
		F23138761D8DD8B0006C4AE7 /* Build configuration list for PBXProject "red_blue_car" */ = {
			isa = XCConfigurationList;
			buildConfigurations = (
				F231388B1D8DD8B0006C4AE7 /* Debug */,
				F231388C1D8DD8B0006C4AE7 /* Release */,
			);
			defaultConfigurationIsVisible = 0;
			defaultConfigurationName = Release;
		};
		F231388D1D8DD8B0006C4AE7 /* Build configuration list for PBXNativeTarget "red_blue_car" */ = {
			isa = XCConfigurationList;
			buildConfigurations = (
				F231388E1D8DD8B0006C4AE7 /* Debug */,
				F231388F1D8DD8B0006C4AE7 /* Release */,
			);
			defaultConfigurationIsVisible = 0;
		};
/* End XCConfigurationList section */
	};
	rootObject = F23138731D8DD8B0006C4AE7 /* Project object */;
}
